{
  "name": "@noble/secp256k1",
  "version": "2.2.3",
  "lockfileVersion": 3,
  "requires": true,
  "packages": {
    "": {
      "name": "@noble/secp256k1",
      "version": "2.2.3",
      "license": "MIT",
      "devDependencies": {
        "@noble/hashes": "1.7.1",
        "@paulmillr/jsbt": "0.4.0",
        "fast-check": "4.1.1",
        "micro-bmark": "0.4.0",
        "micro-should": "0.5.3",
        "typescript": "5.8.2"
      },
      "funding": {
        "url": "https://paulmillr.com/funding/"
      }
    },
    "node_modules/@noble/hashes": {
      "version": "1.7.1",
      "resolved": "https://registry.npmjs.org/@noble/hashes/-/hashes-1.7.1.tgz",
      "integrity": "sha512-B8XBPsn4vT/KJAGqDzbwztd+6Yte3P4V7iafm24bxgDe/mlRuK6xmWPuCNrKt2vDafZ8MfJLlchDG/vYafQEjQ==",
      "dev": true,
      "license": "MIT",
      "engines": {
        "node": "^14.21.3 || >=16"
      },
      "funding": {
        "url": "https://paulmillr.com/funding/"
      }
    },
    "node_modules/@paulmillr/jsbt": {
      "version": "0.4.0",
      "resolved": "https://registry.npmjs.org/@paulmillr/jsbt/-/jsbt-0.4.0.tgz",
      "integrity": "sha512-iu9qQqxEl/H6QH9wZ6f09kHzIimp/ktooMS2b2Lg4Y1JwdS06ix5saUyR8wL877b6OIQBevZkxYxrnA87k8sQw==",
      "dev": true,
      "license": "MIT",
      "bin": {
        "jsbt": "jsbt.js"
      }
    },
    "node_modules/fast-check": {
      "version": "4.1.1",
      "resolved": "https://registry.npmjs.org/fast-check/-/fast-check-4.1.1.tgz",
      "integrity": "sha512-8+yQYeNYqBfWem0Nmm7BUnh27wm+qwGvI0xln60c8RPM5rVekxZf/Ildng2GNBfjaG6utIebFmVBPlNtZlBLxg==",
      "dev": true,
      "funding": [
        {
          "type": "individual",
          "url": "https://github.com/sponsors/dubzzz"
        },
        {
          "type": "opencollective",
          "url": "https://opencollective.com/fast-check"
        }
      ],
      "license": "MIT",
      "dependencies": {
        "pure-rand": "^7.0.0"
      },
      "engines": {
        "node": ">=12.17.0"
      }
    },
    "node_modules/micro-bmark": {
      "version": "0.4.0",
      "resolved": "https://registry.npmjs.org/micro-bmark/-/micro-bmark-0.4.0.tgz",
      "integrity": "sha512-lQHxIE9BurlmqBR3J4NJnUH6I72kChBYXuBeNkvNT3viFHKfYj2c070OysLZwtjBTxTjIgsUqjgcttMWlmASVA==",
      "dev": true,
      "license": "MIT"
    },
    "node_modules/micro-should": {
      "version": "0.5.3",
      "resolved": "https://registry.npmjs.org/micro-should/-/micro-should-0.5.3.tgz",
      "integrity": "sha512-3gEuTzROE856pZSijMD5NonIrQTEGLdkMKj42S2JCqpXiaqQdoSqEd/mTonelAT0ZNwheY7pA/w6eAotQTXeWQ==",
      "dev": true,
      "license": "MIT"
    },
    "node_modules/pure-rand": {
      "version": "7.0.1",
      "resolved": "https://registry.npmjs.org/pure-rand/-/pure-rand-7.0.1.tgz",
      "integrity": "sha512-oTUZM/NAZS8p7ANR3SHh30kXB+zK2r2BPcEn/awJIbOvq82WoMN4p62AWWp3Hhw50G0xMsw1mhIBLqHw64EcNQ==",
      "dev": true,
      "funding": [
        {
          "type": "individual",
          "url": "https://github.com/sponsors/dubzzz"
        },
        {
          "type": "opencollective",
          "url": "https://opencollective.com/fast-check"
        }
      ],
      "license": "MIT"
    },
    "node_modules/typescript": {
      "version": "5.8.2",
      "resolved": "https://registry.npmjs.org/typescript/-/typescript-5.8.2.tgz",
      "integrity": "sha512-aJn6wq13/afZp/jT9QZmwEjDqqvSGp1VT5GVg+f/t6/oVyrgXM6BY1h9BRh/O5p3PlUPAe+WuiEZOmb/49RqoQ==",
      "dev": true,
      "license": "Apache-2.0",
      "bin": {
        "tsc": "bin/tsc",
        "tsserver": "bin/tsserver"
      },
      "engines": {
        "node": ">=14.17"
      }
    }
  }
}
