{
  "name": "@noble/secp256k1",
  "version": "3.0.0-beta.1",
  "lockfileVersion": 3,
  "requires": true,
  "packages": {
    "": {
      "name": "@noble/secp256k1",
      "version": "3.0.0-beta.1",
      "license": "MIT",
      "devDependencies": {
        "@noble/hashes": "2.0.0-beta.5",
        "@paulmillr/jsbt": "0.4.3",
        "@types/node": "24.2.1",
        "fast-check": "4.2.0",
        "prettier": "3.6.2",
        "typescript": "5.9.2"
      },
      "funding": {
        "url": "https://paulmillr.com/funding/"
      }
    },
    "node_modules/@noble/hashes": {
      "version": "2.0.0-beta.5",
      "resolved": "https://registry.npmjs.org/@noble/hashes/-/hashes-2.0.0-beta.5.tgz",
      "integrity": "sha512-v3Q6oF/QtOKfzmpF6XRnfRgzF0UK5sTFrL2F+EGlxQblDtF/VzZs7CG4eegOJBYJcNdGXHWOvcI04PpoUFqUUg==",
      "dev": true,
      "license": "MIT",
      "engines": {
        "node": ">= 20.19.0"
      },
      "funding": {
        "url": "https://paulmillr.com/funding/"
      }
    },
    "node_modules/@paulmillr/jsbt": {
      "version": "0.4.3",
      "resolved": "https://registry.npmjs.org/@paulmillr/jsbt/-/jsbt-0.4.3.tgz",
      "integrity": "sha512-kYl27TZlHbz0WqanEuq6clXyDLmik3+rmIry1zwA1sismxDSK+/HcroJTUag0SHvc1kGF67RS1pHYYueM4pHWg==",
      "dev": true,
      "license": "MIT",
      "bin": {
        "jsbt": "jsbt.js"
      }
    },
    "node_modules/@types/node": {
      "version": "24.2.1",
      "resolved": "https://registry.npmjs.org/@types/node/-/node-24.2.1.tgz",
      "integrity": "sha512-DRh5K+ka5eJic8CjH7td8QpYEV6Zo10gfRkjHCO3weqZHWDtAaSTFtl4+VMqOJ4N5jcuhZ9/l+yy8rVgw7BQeQ==",
      "dev": true,
      "license": "MIT",
      "dependencies": {
        "undici-types": "~7.10.0"
      }
    },
    "node_modules/fast-check": {
      "version": "4.2.0",
      "resolved": "https://registry.npmjs.org/fast-check/-/fast-check-4.2.0.tgz",
      "integrity": "sha512-buxrKEaSseOwFjt6K1REcGMeFOrb0wk3cXifeMAG8yahcE9kV20PjQn1OdzPGL6OBFTbYXfjleNBARf/aCfV1A==",
      "dev": true,
      "funding": [
        {
          "type": "individual",
          "url": "https://github.com/sponsors/dubzzz"
        },
        {
          "type": "opencollective",
          "url": "https://opencollective.com/fast-check"
        }
      ],
      "license": "MIT",
      "dependencies": {
        "pure-rand": "^7.0.0"
      },
      "engines": {
        "node": ">=12.17.0"
      }
    },
    "node_modules/prettier": {
      "version": "3.6.2",
      "resolved": "https://registry.npmjs.org/prettier/-/prettier-3.6.2.tgz",
      "integrity": "sha512-I7AIg5boAr5R0FFtJ6rCfD+LFsWHp81dolrFD8S79U9tb8Az2nGrJncnMSnys+bpQJfRUzqs9hnA81OAA3hCuQ==",
      "dev": true,
      "license": "MIT",
      "bin": {
        "prettier": "bin/prettier.cjs"
      },
      "engines": {
        "node": ">=14"
      },
      "funding": {
        "url": "https://github.com/prettier/prettier?sponsor=1"
      }
    },
    "node_modules/pure-rand": {
      "version": "7.0.1",
      "resolved": "https://registry.npmjs.org/pure-rand/-/pure-rand-7.0.1.tgz",
      "integrity": "sha512-oTUZM/NAZS8p7ANR3SHh30kXB+zK2r2BPcEn/awJIbOvq82WoMN4p62AWWp3Hhw50G0xMsw1mhIBLqHw64EcNQ==",
      "dev": true,
      "funding": [
        {
          "type": "individual",
          "url": "https://github.com/sponsors/dubzzz"
        },
        {
          "type": "opencollective",
          "url": "https://opencollective.com/fast-check"
        }
      ],
      "license": "MIT"
    },
    "node_modules/typescript": {
      "version": "5.9.2",
      "resolved": "https://registry.npmjs.org/typescript/-/typescript-5.9.2.tgz",
      "integrity": "sha512-CWBzXQrc/qOkhidw1OzBTQuYRbfyxDXJMVJ1XNwUHGROVmuaeiEm3OslpZ1RV96d7SKKjZKrSJu3+t/xlw3R9A==",
      "dev": true,
      "license": "Apache-2.0",
      "bin": {
        "tsc": "bin/tsc",
        "tsserver": "bin/tsserver"
      },
      "engines": {
        "node": ">=14.17"
      }
    },
    "node_modules/undici-types": {
      "version": "7.10.0",
      "resolved": "https://registry.npmjs.org/undici-types/-/undici-types-7.10.0.tgz",
      "integrity": "sha512-t5Fy/nfn+14LuOc2KNYg75vZqClpAiqscVvMygNnlsHBFpSXdJaYtXMcdNLpl/Qvc3P2cB3s6lOV51nqsFq4ag==",
      "dev": true,
      "license": "MIT"
    }
  }
}
