{
  "name": "@noble/secp256k1",
  "version": "2.2.3",
  "lockfileVersion": 3,
  "requires": true,
  "packages": {
    "": {
      "name": "@noble/secp256k1",
      "version": "2.2.3",
      "license": "MIT",
      "devDependencies": {
        "@noble/hashes": "2.0.0-beta.1",
        "@paulmillr/jsbt": "0.4.1",
        "@types/node": "22.15.23",
        "fast-check": "4.1.1",
        "micro-bmark": "0.4.2",
        "micro-should": "0.5.3",
        "typescript": "5.8.3"
      },
      "funding": {
        "url": "https://paulmillr.com/funding/"
      }
    },
    "node_modules/@noble/hashes": {
      "version": "2.0.0-beta.1",
      "resolved": "https://registry.npmjs.org/@noble/hashes/-/hashes-2.0.0-beta.1.tgz",
      "integrity": "sha512-xnnogJ6ccNZ55lLgWdjhBqKUdFoznjpFr3oy23n5Qm7h+ZMtt8v4zWvHg9zRW6jcETweplD5F4iUqb0SSPC+Dw==",
      "dev": true,
      "license": "MIT",
      "engines": {
        "node": ">= 20.19.0"
      },
      "funding": {
        "url": "https://paulmillr.com/funding/"
      }
    },
    "node_modules/@paulmillr/jsbt": {
      "version": "0.4.1",
      "resolved": "https://registry.npmjs.org/@paulmillr/jsbt/-/jsbt-0.4.1.tgz",
      "integrity": "sha512-WomUnhmgUEeIDgeIL8mADU2SsYjeQf7M68OJyj8J2QbfnhJU6BEkwblwV9lq3mQJsPaXOl1gPVwAVZxzEXFCtw==",
      "dev": true,
      "license": "MIT",
      "bin": {
        "jsbt": "jsbt.js"
      }
    },
    "node_modules/@types/node": {
      "version": "22.15.23",
      "resolved": "https://registry.npmjs.org/@types/node/-/node-22.15.23.tgz",
      "integrity": "sha512-7Ec1zaFPF4RJ0eXu1YT/xgiebqwqoJz8rYPDi/O2BcZ++Wpt0Kq9cl0eg6NN6bYbPnR67ZLo7St5Q3UK0SnARw==",
      "dev": true,
      "license": "MIT",
      "dependencies": {
        "undici-types": "~6.21.0"
      }
    },
    "node_modules/fast-check": {
      "version": "4.1.1",
      "resolved": "https://registry.npmjs.org/fast-check/-/fast-check-4.1.1.tgz",
      "integrity": "sha512-8+yQYeNYqBfWem0Nmm7BUnh27wm+qwGvI0xln60c8RPM5rVekxZf/Ildng2GNBfjaG6utIebFmVBPlNtZlBLxg==",
      "dev": true,
      "funding": [
        {
          "type": "individual",
          "url": "https://github.com/sponsors/dubzzz"
        },
        {
          "type": "opencollective",
          "url": "https://opencollective.com/fast-check"
        }
      ],
      "license": "MIT",
      "dependencies": {
        "pure-rand": "^7.0.0"
      },
      "engines": {
        "node": ">=12.17.0"
      }
    },
    "node_modules/micro-bmark": {
      "version": "0.4.2",
      "resolved": "https://registry.npmjs.org/micro-bmark/-/micro-bmark-0.4.2.tgz",
      "integrity": "sha512-0M16Yxj6F1t0ZJoCT7xmHuM3AWm2d4NafAZamJFV++ZDD8uMtRMk7Nsq23LjHCSy246AqIBOLDGfeIoJBpipvg==",
      "dev": true,
      "license": "MIT"
    },
    "node_modules/micro-should": {
      "version": "0.5.3",
      "resolved": "https://registry.npmjs.org/micro-should/-/micro-should-0.5.3.tgz",
      "integrity": "sha512-3gEuTzROE856pZSijMD5NonIrQTEGLdkMKj42S2JCqpXiaqQdoSqEd/mTonelAT0ZNwheY7pA/w6eAotQTXeWQ==",
      "dev": true,
      "license": "MIT"
    },
    "node_modules/pure-rand": {
      "version": "7.0.1",
      "resolved": "https://registry.npmjs.org/pure-rand/-/pure-rand-7.0.1.tgz",
      "integrity": "sha512-oTUZM/NAZS8p7ANR3SHh30kXB+zK2r2BPcEn/awJIbOvq82WoMN4p62AWWp3Hhw50G0xMsw1mhIBLqHw64EcNQ==",
      "dev": true,
      "funding": [
        {
          "type": "individual",
          "url": "https://github.com/sponsors/dubzzz"
        },
        {
          "type": "opencollective",
          "url": "https://opencollective.com/fast-check"
        }
      ],
      "license": "MIT"
    },
    "node_modules/typescript": {
      "version": "5.8.3",
      "resolved": "https://registry.npmjs.org/typescript/-/typescript-5.8.3.tgz",
      "integrity": "sha512-p1diW6TqL9L07nNxvRMM7hMMw4c5XOo/1ibL4aAIGmSAt9slTE1Xgw5KWuof2uTOvCg9BY7ZRi+GaF+7sfgPeQ==",
      "dev": true,
      "license": "Apache-2.0",
      "bin": {
        "tsc": "bin/tsc",
        "tsserver": "bin/tsserver"
      },
      "engines": {
        "node": ">=14.17"
      }
    },
    "node_modules/undici-types": {
      "version": "6.21.0",
      "resolved": "https://registry.npmjs.org/undici-types/-/undici-types-6.21.0.tgz",
      "integrity": "sha512-iwDZqg0QAGrg9Rav5H4n0M64c3mkR59cJ6wQp+7C4nI0gsmExaedaYLNO44eT4AtBBwjbTiGPMlt2Md0T9H9JQ==",
      "dev": true,
      "license": "MIT"
    }
  }
}
